// !$*UTF8*$!
{
	archiveVersion = 1;
	classes = {
	};
	objectVersion = 55;
	objects = {

/* Begin PBXBuildFile section */
		F50C5F7928373FDB00D88D4E /* Coins Manager.swift in Sources */ = {isa = PBXBuildFile; fileRef = F50C5F7828373FDB00D88D4E /* Coins Manager.swift */; };
		F50C5F7E2838268D00D88D4E /* Coin Parse.swift in Sources */ = {isa = PBXBuildFile; fileRef = F50C5F7D2838268D00D88D4E /* Coin Parse.swift */; };
		F552492F2836BEC600A4FD03 /* AppDelegate.swift in Sources */ = {isa = PBXBuildFile; fileRef = F552492E2836BEC600A4FD03 /* AppDelegate.swift */; };
		F55249312836BEC600A4FD03 /* SceneDelegate.swift in Sources */ = {isa = PBXBuildFile; fileRef = F55249302836BEC600A4FD03 /* SceneDelegate.swift */; };
		F55249332836BEC600A4FD03 /* ViewController.swift in Sources */ = {isa = PBXBuildFile; fileRef = F55249322836BEC600A4FD03 /* ViewController.swift */; };
		F55249362836BEC600A4FD03 /* Main.storyboard in Resources */ = {isa = PBXBuildFile; fileRef = F55249342836BEC600A4FD03 /* Main.storyboard */; };
		F55249382836BEC900A4FD03 /* Assets.xcassets in Resources */ = {isa = PBXBuildFile; fileRef = F55249372836BEC900A4FD03 /* Assets.xcassets */; };
		F552493B2836BEC900A4FD03 /* LaunchScreen.storyboard in Resources */ = {isa = PBXBuildFile; fileRef = F55249392836BEC900A4FD03 /* LaunchScreen.storyboard */; };
/* End PBXBuildFile section */

/* Begin PBXFileReference section */
		F50C5F7828373FDB00D88D4E /* Coins Manager.swift */ = {isa = PBXFileReference; lastKnownFileType = sourcecode.swift; path = "Coins Manager.swift"; sourceTree = "<group>"; };
		F50C5F7D2838268D00D88D4E /* Coin Parse.swift */ = {isa = PBXFileReference; lastKnownFileType = sourcecode.swift; path = "Coin Parse.swift"; sourceTree = "<group>"; };
		F552492B2836BEC600A4FD03 /* Bitcoin Project.app */ = {isa = PBXFileReference; explicitFileType = wrapper.application; includeInIndex = 0; path = "Bitcoin Project.app"; sourceTree = BUILT_PRODUCTS_DIR; };
		F552492E2836BEC600A4FD03 /* AppDelegate.swift */ = {isa = PBXFileReference; lastKnownFileType = sourcecode.swift; path = AppDelegate.swift; sourceTree = "<group>"; };
		F55249302836BEC600A4FD03 /* SceneDelegate.swift */ = {isa = PBXFileReference; lastKnownFileType = sourcecode.swift; path = SceneDelegate.swift; sourceTree = "<group>"; };
		F55249322836BEC600A4FD03 /* ViewController.swift */ = {isa = PBXFileReference; lastKnownFileType = sourcecode.swift; path = ViewController.swift; sourceTree = "<group>"; };
		F55249352836BEC600A4FD03 /* Base */ = {isa = PBXFileReference; lastKnownFileType = file.storyboard; name = Base; path = Base.lproj/Main.storyboard; sourceTree = "<group>"; };
		F55249372836BEC900A4FD03 /* Assets.xcassets */ = {isa = PBXFileReference; lastKnownFileType = folder.assetcatalog; path = Assets.xcassets; sourceTree = "<group>"; };
		F552493A2836BEC900A4FD03 /* Base */ = {isa = PBXFileReference; lastKnownFileType = file.storyboard; name = Base; path = Base.lproj/LaunchScreen.storyboard; sourceTree = "<group>"; };
		F552493C2836BEC900A4FD03 /* Info.plist */ = {isa = PBXFileReference; lastKnownFileType = text.plist.xml; path = Info.plist; sourceTree = "<group>"; };
/* End PBXFileReference section */

/* Begin PBXFrameworksBuildPhase section */
		F55249282836BEC600A4FD03 /* Frameworks */ = {
			isa = PBXFrameworksBuildPhase;
			buildActionMask = 2147483647;
			files = (
			);
			runOnlyForDeploymentPostprocessing = 0;
		};
/* End PBXFrameworksBuildPhase section */

/* Begin PBXGroup section */
		F50C5F7A28373FE300D88D4E /* View */ = {
			isa = PBXGroup;
			children = (
				F55249342836BEC600A4FD03 /* Main.storyboard */,
			);
			path = View;
			sourceTree = "<group>";
		};
		F50C5F7B28373FEE00D88D4E /* Controller */ = {
			isa = PBXGroup;
			children = (
				F55249322836BEC600A4FD03 /* ViewController.swift */,
			);
			name = Controller;
			sourceTree = "<group>";
		};
		F50C5F7C2837400500D88D4E /* Model */ = {
			isa = PBXGroup;
			children = (
				F50C5F7828373FDB00D88D4E /* Coins Manager.swift */,
				F50C5F7D2838268D00D88D4E /* Coin Parse.swift */,
			);
			path = Model;
			sourceTree = "<group>";
		};
		F55249222836BEC600A4FD03 = {
			isa = PBXGroup;
			children = (
				F552492D2836BEC600A4FD03 /* Bitcoin Project */,
				F552492C2836BEC600A4FD03 /* Products */,
			);
			sourceTree = "<group>";
		};
		F552492C2836BEC600A4FD03 /* Products */ = {
			isa = PBXGroup;
			children = (
				F552492B2836BEC600A4FD03 /* Bitcoin Project.app */,
			);
			name = Products;
			sourceTree = "<group>";
		};
		F552492D2836BEC600A4FD03 /* Bitcoin Project */ = {
			isa = PBXGroup;
			children = (
				F552492E2836BEC600A4FD03 /* AppDelegate.swift */,
				F55249302836BEC600A4FD03 /* SceneDelegate.swift */,
				F50C5F7C2837400500D88D4E /* Model */,
				F50C5F7A28373FE300D88D4E /* View */,
				F50C5F7B28373FEE00D88D4E /* Controller */,
				F55249372836BEC900A4FD03 /* Assets.xcassets */,
				F55249392836BEC900A4FD03 /* LaunchScreen.storyboard */,
				F552493C2836BEC900A4FD03 /* Info.plist */,
			);
			path = "Bitcoin Project";
			sourceTree = "<group>";
		};
/* End PBXGroup section */

/* Begin PBXNativeTarget section */
		F552492A2836BEC600A4FD03 /* Bitcoin Project */ = {
			isa = PBXNativeTarget;
			buildConfigurationList = F552493F2836BEC900A4FD03 /* Build configuration list for PBXNativeTarget "Bitcoin Project" */;
			buildPhases = (
				F55249272836BEC600A4FD03 /* Sources */,
				F55249282836BEC600A4FD03 /* Frameworks */,
				F55249292836BEC600A4FD03 /* Resources */,
			);
			buildRules = (
			);
			dependencies = (
			);
			name = "Bitcoin Project";
			productName = "Bitcoin Project";
			productReference = F552492B2836BEC600A4FD03 /* Bitcoin Project.app */;
			productType = "com.apple.product-type.application";
		};
/* End PBXNativeTarget section */

/* Begin PBXProject section */
		F55249232836BEC600A4FD03 /* Project object */ = {
			isa = PBXProject;
			attributes = {
				BuildIndependentTargetsInParallel = 1;
				LastSwiftUpdateCheck = 1330;
				LastUpgradeCheck = 1330;
				TargetAttributes = {
					F552492A2836BEC600A4FD03 = {
						CreatedOnToolsVersion = 13.3.1;
					};
				};
			};
			buildConfigurationList = F55249262836BEC600A4FD03 /* Build configuration list for PBXProject "Bitcoin Project" */;
			compatibilityVersion = "Xcode 13.0";
			developmentRegion = en;
			hasScannedForEncodings = 0;
			knownRegions = (
				en,
				Base,
			);
			mainGroup = F55249222836BEC600A4FD03;
			productRefGroup = F552492C2836BEC600A4FD03 /* Products */;
			projectDirPath = "";
			projectRoot = "";
			targets = (
				F552492A2836BEC600A4FD03 /* Bitcoin Project */,
			);
		};
/* End PBXProject section */

/* Begin PBXResourcesBuildPhase section */
		F55249292836BEC600A4FD03 /* Resources */ = {
			isa = PBXResourcesBuildPhase;
			buildActionMask = 2147483647;
			files = (
				F552493B2836BEC900A4FD03 /* LaunchScreen.storyboard in Resources */,
				F55249382836BEC900A4FD03 /* Assets.xcassets in Resources */,
				F55249362836BEC600A4FD03 /* Main.storyboard in Resources */,
			);
			runOnlyForDeploymentPostprocessing = 0;
		};
/* End PBXResourcesBuildPhase section */

/* Begin PBXSourcesBuildPhase section */
		F55249272836BEC600A4FD03 /* Sources */ = {
			isa = PBXSourcesBuildPhase;
			buildActionMask = 2147483647;
			files = (
				F55249332836BEC600A4FD03 /* ViewController.swift in Sources */,
				F50C5F7928373FDB00D88D4E /* Coins Manager.swift in Sources */,
				F552492F2836BEC600A4FD03 /* AppDelegate.swift in Sources */,
				F50C5F7E2838268D00D88D4E /* Coin Parse.swift in Sources */,
				F55249312836BEC600A4FD03 /* SceneDelegate.swift in Sources */,
			);
			runOnlyForDeploymentPostprocessing = 0;
		};
/* End PBXSourcesBuildPhase section */

/* Begin PBXVariantGroup section */
		F55249342836BEC600A4FD03 /* Main.storyboard */ = {
			isa = PBXVariantGroup;
			children = (
				F55249352836BEC600A4FD03 /* Base */,
			);
			name = Main.storyboard;
			sourceTree = "<group>";
		};
		F55249392836BEC900A4FD03 /* LaunchScreen.storyboard */ = {
			isa = PBXVariantGroup;
			children = (
				F552493A2836BEC900A4FD03 /* Base */,
			);
			name = LaunchScreen.storyboard;
			sourceTree = "<group>";
		};
/* End PBXVariantGroup section */

/* Begin XCBuildConfiguration section */
		F552493D2836BEC900A4FD03 /* Debug */ = {
			isa = XCBuildConfiguration;
			buildSettings = {
				ALWAYS_SEARCH_USER_PATHS = NO;
				CLANG_ANALYZER_NONNULL = YES;
				CLANG_ANALYZER_NUMBER_OBJECT_CONVERSION = YES_AGGRESSIVE;
				CLANG_CXX_LANGUAGE_STANDARD = "gnu++17";
				CLANG_ENABLE_MODULES = YES;
				CLANG_ENABLE_OBJC_ARC = YES;
				CLANG_ENABLE_OBJC_WEAK = YES;
				CLANG_WARN_BLOCK_CAPTURE_AUTORELEASING = YES;
				CLANG_WARN_BOOL_CONVERSION = YES;
				CLANG_WARN_COMMA = YES;
				CLANG_WARN_CONSTANT_CONVERSION = YES;
				CLANG_WARN_DEPRECATED_OBJC_IMPLEMENTATIONS = YES;
				CLANG_WARN_DIRECT_OBJC_ISA_USAGE = YES_ERROR;
				CLANG_WARN_DOCUMENTATION_COMMENTS = YES;
				CLANG_WARN_EMPTY_BODY = YES;
				CLANG_WARN_ENUM_CONVERSION = YES;
				CLANG_WARN_INFINITE_RECURSION = YES;
				CLANG_WARN_INT_CONVERSION = YES;
				CLANG_WARN_NON_LITERAL_NULL_CONVERSION = YES;
				CLANG_WARN_OBJC_IMPLICIT_RETAIN_SELF = YES;
				CLANG_WARN_OBJC_LITERAL_CONVERSION = YES;
				CLANG_WARN_OBJC_ROOT_CLASS = YES_ERROR;
				CLANG_WARN_QUOTED_INCLUDE_IN_FRAMEWORK_HEADER = YES;
				CLANG_WARN_RANGE_LOOP_ANALYSIS = YES;
				CLANG_WARN_STRICT_PROTOTYPES = YES;
				CLANG_WARN_SUSPICIOUS_MOVE = YES;
				CLANG_WARN_UNGUARDED_AVAILABILITY = YES_AGGRESSIVE;
				CLANG_WARN_UNREACHABLE_CODE = YES;
				CLANG_WARN__DUPLICATE_METHOD_MATCH = YES;
				COPY_PHASE_STRIP = NO;
				DEBUG_INFORMATION_FORMAT = dwarf;
				ENABLE_STRICT_OBJC_MSGSEND = YES;
				ENABLE_TESTABILITY = YES;
				GCC_C_LANGUAGE_STANDARD = gnu11;
				GCC_DYNAMIC_NO_PIC = NO;
				GCC_NO_COMMON_BLOCKS = YES;
				GCC_OPTIMIZATION_LEVEL = 0;
				GCC_PREPROCESSOR_DEFINITIONS = (
					"DEBUG=1",
					"$(inherited)",
				);
				GCC_WARN_64_TO_32_BIT_CONVERSION = YES;
				GCC_WARN_ABOUT_RETURN_TYPE = YES_ERROR;
				GCC_WARN_UNDECLARED_SELECTOR = YES;
				GCC_WARN_UNINITIALIZED_AUTOS = YES_AGGRESSIVE;
				GCC_WARN_UNUSED_FUNCTION = YES;
				GCC_WARN_UNUSED_VARIABLE = YES;
				IPHONEOS_DEPLOYMENT_TARGET = 15.4;
				MTL_ENABLE_DEBUG_INFO = INCLUDE_SOURCE;
				MTL_FAST_MATH = YES;
				ONLY_ACTIVE_ARCH = YES;
				SDKROOT = iphoneos;
				SWIFT_ACTIVE_COMPILATION_CONDITIONS = DEBUG;
				SWIFT_OPTIMIZATION_LEVEL = "-Onone";
			};
			name = Debug;
		};
		F552493E2836BEC900A4FD03 /* Release */ = {
			isa = XCBuildConfiguration;
			buildSettings = {
				ALWAYS_SEARCH_USER_PATHS = NO;
				CLANG_ANALYZER_NONNULL = YES;
				CLANG_ANALYZER_NUMBER_OBJECT_CONVERSION = YES_AGGRESSIVE;
				CLANG_CXX_LANGUAGE_STANDARD = "gnu++17";
				CLANG_ENABLE_MODULES = YES;
				CLANG_ENABLE_OBJC_ARC = YES;
				CLANG_ENABLE_OBJC_WEAK = YES;
				CLANG_WARN_BLOCK_CAPTURE_AUTORELEASING = YES;
				CLANG_WARN_BOOL_CONVERSION = YES;
				CLANG_WARN_COMMA = YES;
				CLANG_WARN_CONSTANT_CONVERSION = YES;
				CLANG_WARN_DEPRECATED_OBJC_IMPLEMENTATIONS = YES;
				CLANG_WARN_DIRECT_OBJC_ISA_USAGE = YES_ERROR;
				CLANG_WARN_DOCUMENTATION_COMMENTS = YES;
				CLANG_WARN_EMPTY_BODY = YES;
				CLANG_WARN_ENUM_CONVERSION = YES;
				CLANG_WARN_INFINITE_RECURSION = YES;
				CLANG_WARN_INT_CONVERSION = YES;
				CLANG_WARN_NON_LITERAL_NULL_CONVERSION = YES;
				CLANG_WARN_OBJC_IMPLICIT_RETAIN_SELF = YES;
				CLANG_WARN_OBJC_LITERAL_CONVERSION = YES;
				CLANG_WARN_OBJC_ROOT_CLASS = YES_ERROR;
				CLANG_WARN_QUOTED_INCLUDE_IN_FRAMEWORK_HEADER = YES;
				CLANG_WARN_RANGE_LOOP_ANALYSIS = YES;
				CLANG_WARN_STRICT_PROTOTYPES = YES;
				CLANG_WARN_SUSPICIOUS_MOVE = YES;
				CLANG_WARN_UNGUARDED_AVAILABILITY = YES_AGGRESSIVE;
				CLANG_WARN_UNREACHABLE_CODE = YES;
				CLANG_WARN__DUPLICATE_METHOD_MATCH = YES;
				COPY_PHASE_STRIP = NO;
				DEBUG_INFORMATION_FORMAT = "dwarf-with-dsym";
				ENABLE_NS_ASSERTIONS = NO;
				ENABLE_STRICT_OBJC_MSGSEND = YES;
				GCC_C_LANGUAGE_STANDARD = gnu11;
				GCC_NO_COMMON_BLOCKS = YES;
				GCC_WARN_64_TO_32_BIT_CONVERSION = YES;
				GCC_WARN_ABOUT_RETURN_TYPE = YES_ERROR;
				GCC_WARN_UNDECLARED_SELECTOR = YES;
				GCC_WARN_UNINITIALIZED_AUTOS = YES_AGGRESSIVE;
				GCC_WARN_UNUSED_FUNCTION = YES;
				GCC_WARN_UNUSED_VARIABLE = YES;
				IPHONEOS_DEPLOYMENT_TARGET = 15.4;
				MTL_ENABLE_DEBUG_INFO = NO;
				MTL_FAST_MATH = YES;
				SDKROOT = iphoneos;
				SWIFT_COMPILATION_MODE = wholemodule;
				SWIFT_OPTIMIZATION_LEVEL = "-O";
				VALIDATE_PRODUCT = YES;
			};
			name = Release;
		};
		F55249402836BEC900A4FD03 /* Debug */ = {
			isa = XCBuildConfiguration;
			buildSettings = {
				ASSETCATALOG_COMPILER_APPICON_NAME = AppIcon;
				ASSETCATALOG_COMPILER_GLOBAL_ACCENT_COLOR_NAME = AccentColor;
				CODE_SIGN_STYLE = Automatic;
				CURRENT_PROJECT_VERSION = 1;
				DEVELOPMENT_TEAM = 6LNVK7X3C2;
				GENERATE_INFOPLIST_FILE = YES;
				INFOPLIST_FILE = "Bitcoin Project/Info.plist";
				INFOPLIST_KEY_UIApplicationSupportsIndirectInputEvents = YES;
				INFOPLIST_KEY_UILaunchStoryboardName = LaunchScreen;
				INFOPLIST_KEY_UIMainStoryboardFile = Main;
				INFOPLIST_KEY_UISupportedInterfaceOrientations_iPad = "UIInterfaceOrientationPortrait UIInterfaceOrientationPortraitUpsideDown UIInterfaceOrientationLandscapeLeft UIInterfaceOrientationLandscapeRight";
				INFOPLIST_KEY_UISupportedInterfaceOrientations_iPhone = "UIInterfaceOrientationPortrait UIInterfaceOrientationLandscapeLeft UIInterfaceOrientationLandscapeRight";
				LD_RUNPATH_SEARCH_PATHS = (
					"$(inherited)",
					"@executable_path/Frameworks",
				);
				MARKETING_VERSION = 1.0;
				PRODUCT_BUNDLE_IDENTIFIER = "com.viveklakshmanan.Bitcoin-Project";
				PRODUCT_NAME = "$(TARGET_NAME)";
				SWIFT_EMIT_LOC_STRINGS = YES;
				SWIFT_VERSION = 5.0;
				TARGETED_DEVICE_FAMILY = "1,2";
			};
			name = Debug;
		};
		F55249412836BEC900A4FD03 /* Release */ = {
			isa = XCBuildConfiguration;
			buildSettings = {
				ASSETCATALOG_COMPILER_APPICON_NAME = AppIcon;
				ASSETCATALOG_COMPILER_GLOBAL_ACCENT_COLOR_NAME = AccentColor;
				CODE_SIGN_STYLE = Automatic;
				CURRENT_PROJECT_VERSION = 1;
				DEVELOPMENT_TEAM = 6LNVK7X3C2;
				GENERATE_INFOPLIST_FILE = YES;
				INFOPLIST_FILE = "Bitcoin Project/Info.plist";
				INFOPLIST_KEY_UIApplicationSupportsIndirectInputEvents = YES;
				INFOPLIST_KEY_UILaunchStoryboardName = LaunchScreen;
				INFOPLIST_KEY_UIMainStoryboardFile = Main;
				INFOPLIST_KEY_UISupportedInterfaceOrientations_iPad = "UIInterfaceOrientationPortrait UIInterfaceOrientationPortraitUpsideDown UIInterfaceOrientationLandscapeLeft UIInterfaceOrientationLandscapeRight";
				INFOPLIST_KEY_UISupportedInterfaceOrientations_iPhone = "UIInterfaceOrientationPortrait UIInterfaceOrientationLandscapeLeft UIInterfaceOrientationLandscapeRight";
				LD_RUNPATH_SEARCH_PATHS = (
					"$(inherited)",
					"@executable_path/Frameworks",
				);
				MARKETING_VERSION = 1.0;
				PRODUCT_BUNDLE_IDENTIFIER = "com.viveklakshmanan.Bitcoin-Project";
				PRODUCT_NAME = "$(TARGET_NAME)";
				SWIFT_EMIT_LOC_STRINGS = YES;
				SWIFT_VERSION = 5.0;
				TARGETED_DEVICE_FAMILY = "1,2";
			};
			name = Release;
		};
/* End XCBuildConfiguration section */

/* Begin XCConfigurationList section */
		F55249262836BEC600A4FD03 /* Build configuration list for PBXProject "Bitcoin Project" */ = {
			isa = XCConfigurationList;
			buildConfigurations = (
				F552493D2836BEC900A4FD03 /* Debug */,
				F552493E2836BEC900A4FD03 /* Release */,
			);
			defaultConfigurationIsVisible = 0;
			defaultConfigurationName = Release;
		};
		F552493F2836BEC900A4FD03 /* Build configuration list for PBXNativeTarget "Bitcoin Project" */ = {
			isa = XCConfigurationList;
			buildConfigurations = (
				F55249402836BEC900A4FD03 /* Debug */,
				F55249412836BEC900A4FD03 /* Release */,
			);
			defaultConfigurationIsVisible = 0;
			defaultConfigurationName = Release;
		};
/* End XCConfigurationList section */
	};
	rootObject = F55249232836BEC600A4FD03 /* Project object */;
}
